
Microsoft Visual Studio Solution File, Format Version 12.00
# Visual Studio Version 16
VisualStudioVersion = 16.0.31729.503
MinimumVisualStudioVersion = 10.0.40219.1
Project("{FAE04EC0-301F-11D3-BF4B-00C04F79EFBC}") = "AddressBookRestSharp", "AddressBookRestSharp.csproj", "{A40C79D2-A60E-4C2A-A4ED-DE5DC3F87189}"
EndProject
Project("{FAE04EC0-301F-11D3-BF4B-00C04F79EFBC}") = "AddressBookTest", "..\AddressBookTest\AddressBookTest.csproj", "{E7229DA7-D7E9-4A1C-A913-3A6B4654E947}"
EndProject
Global
	GlobalSection(SolutionConfigurationPlatforms) = preSolution
		Debug|Any CPU = Debug|Any CPU
		Release|Any CPU = Release|Any CPU
	EndGlobalSection
	GlobalSection(ProjectConfigurationPlatforms) = postSolution
		{A40C79D2-A60E-4C2A-A4ED-DE5DC3F87189}.Debug|Any CPU.ActiveCfg = Debug|Any CPU
		{A40C79D2-A60E-4C2A-A4ED-DE5DC3F87189}.Debug|Any CPU.Build.0 = Debug|Any CPU
		{A40C79D2-A60E-4C2A-A4ED-DE5DC3F87189}.Release|Any CPU.ActiveCfg = Release|Any CPU
		{A40C79D2-A60E-4C2A-A4ED-DE5DC3F87189}.Release|Any CPU.Build.0 = Release|Any CPU
		{E7229DA7-D7E9-4A1C-A913-3A6B4654E947}.Debug|Any CPU.ActiveCfg = Debug|Any CPU
		{E7229DA7-D7E9-4A1C-A913-3A6B4654E947}.Debug|Any CPU.Build.0 = Debug|Any CPU
		{E7229DA7-D7E9-4A1C-A913-3A6B4654E947}.Release|Any CPU.ActiveCfg = Release|Any CPU
		{E7229DA7-D7E9-4A1C-A913-3A6B4654E947}.Release|Any CPU.Build.0 = Release|Any CPU
	EndGlobalSection
	GlobalSection(SolutionProperties) = preSolution
		HideSolutionNode = FALSE
	EndGlobalSection
	GlobalSection(ExtensibilityGlobals) = postSolution
		SolutionGuid = {B88A2E01-DCFA-427E-854A-FC1483CFDED4}
	EndGlobalSection
EndGlobal
